
Microsoft Visual Studio Solution File, Format Version 12.00
# Visual Studio 15
Project("{FAE04EC0-301F-11D3-BF4B-00C04F79EFBC}") = "Assembly-CSharp-Editor", "Assembly-CSharp-Editor.csproj", "{810BFBC1-50B1-0A72-0EF1-145F457FE947}"
EndProject
Project("{FAE04EC0-301F-11D3-BF4B-00C04F79EFBC}") = "Assembly-CSharp", "Assembly-CSharp.csproj", "{35F13ACA-BC96-BAF1-9D1F-C9E98C2C1579}"
EndProject
Global
	GlobalSection(SolutionConfigurationPlatforms) = preSolution
		Debug|Any CPU = Debug|Any CPU
		Release|Any CPU = Release|Any CPU
	EndGlobalSection
	GlobalSection(ProjectConfigurationPlatforms) = postSolution
		{810BFBC1-50B1-0A72-0EF1-145F457FE947}.Debug|Any CPU.ActiveCfg = Debug|Any CPU
		{810BFBC1-50B1-0A72-0EF1-145F457FE947}.Debug|Any CPU.Build.0 = Debug|Any CPU
		{810BFBC1-50B1-0A72-0EF1-145F457FE947}.Release|Any CPU.ActiveCfg = Release|Any CPU
		{810BFBC1-50B1-0A72-0EF1-145F457FE947}.Release|Any CPU.Build.0 = Release|Any CPU
		{35F13ACA-BC96-BAF1-9D1F-C9E98C2C1579}.Debug|Any CPU.ActiveCfg = Debug|Any CPU
		{35F13ACA-BC96-BAF1-9D1F-C9E98C2C1579}.Debug|Any CPU.Build.0 = Debug|Any CPU
		{35F13ACA-BC96-BAF1-9D1F-C9E98C2C1579}.Release|Any CPU.ActiveCfg = Release|Any CPU
		{35F13ACA-BC96-BAF1-9D1F-C9E98C2C1579}.Release|Any CPU.Build.0 = Release|Any CPU
	EndGlobalSection
	GlobalSection(SolutionProperties) = preSolution
		HideSolutionNode = FALSE
	EndGlobalSection
EndGlobal
